{
  "dependencies": {
    "externalify": {
      "version": "0.1.0",
      "dependencies": {
        "globo": {
          "version": "1.0.2",
          "dependencies": {
            "accessory": {
              "version": "1.0.1",
              "dependencies": {
                "dot-parts": {
                  "version": "1.0.1"
                }
              }
            },
            "is-defined": {
              "version": "1.0.0"
            },
            "ternary": {
              "version": "1.0.0"
            }
          }
        },
        "map-obj": {
          "version": "1.0.1"
        },
        "replace-require-functions": {
          "version": "1.0.0",
          "dependencies": {
            "detective": {
              "version": "4.1.1",
              "dependencies": {
                "acorn": {
                  "version": "1.2.2"
                },
                "defined": {
                  "version": "1.0.0"
                },
                "escodegen": {
                  "version": "1.7.0",
                  "dependencies": {
                    "estraverse": {
                      "version": "1.9.3"
                    },
                    "esutils": {
                      "version": "2.0.2"
                    },
                    "esprima": {
                      "version": "1.2.5"
                    },
                    "optionator": {
                      "version": "0.5.0",
                      "dependencies": {
                        "prelude-ls": {
                          "version": "1.1.2"
                        },
                        "deep-is": {
                          "version": "0.1.3"
                        },
                        "wordwrap": {
                          "version": "0.0.3"
                        },
                        "type-check": {
                          "version": "0.3.1"
                        },
                        "levn": {
                          "version": "0.2.5"
                        },
                        "fast-levenshtein": {
                          "version": "1.0.7"
                        }
                      }
                    },
                    "source-map": {
                      "version": "0.2.0",
                      "dependencies": {
                        "amdefine": {
                          "version": "1.0.0"
                        }
                      }
                    }
                  }
                }
              }
            },
            "has-require": {
              "version": "1.2.1",
              "dependencies": {
                "escape-string-regexp": {
                  "version": "1.0.3"
                }
              }
            },
            "patch-text": {
              "version": "1.0.2"
            },
            "xtend": {
              "version": "4.0.0"
            }
          }
        },
        "through2": {
          "version": "0.4.2",
          "dependencies": {
            "readable-stream": {
              "version": "1.0.33",
              "dependencies": {
                "core-util-is": {
                  "version": "1.0.1"
                },
                "isarray": {
                  "version": "0.0.1"
                },
                "string_decoder": {
                  "version": "0.10.31"
                },
                "inherits": {
                  "version": "2.0.1"
                }
              }
            },
            "xtend": {
              "version": "2.1.2",
              "dependencies": {
                "object-keys": {
                  "version": "0.4.0"
                }
              }
            }
          }
        },
        "transformify": {
          "version": "0.1.2",
          "dependencies": {
            "readable-stream": {
              "version": "1.1.13",
              "dependencies": {
                "core-util-is": {
                  "version": "1.0.1"
                },
                "isarray": {
                  "version": "0.0.1"
                },
                "string_decoder": {
                  "version": "0.10.31"
                },
                "inherits": {
                  "version": "2.0.1"
                }
              }
            }
          }
        }
      }
    },
    "react": {
      "version": "0.14.2",
      "dependencies": {
        "envify": {
          "version": "3.4.0",
          "dependencies": {
            "through": {
              "version": "2.3.8"
            },
            "jstransform": {
              "version": "10.1.0",
              "dependencies": {
                "base62": {
                  "version": "0.1.1"
                },
                "esprima-fb": {
                  "version": "13001.1001.0-dev-harmony-fb"
                },
                "source-map": {
                  "version": "0.1.31",
                  "dependencies": {
                    "amdefine": {
                      "version": "1.0.0"
                    }
                  }
                }
              }
            }
          }
        },
        "fbjs": {
          "version": "0.3.2",
          "dependencies": {
            "core-js": {
              "version": "1.2.6"
            },
            "loose-envify": {
              "version": "1.1.0",
              "dependencies": {
                "js-tokens": {
                  "version": "1.0.2"
                }
              }
            },
            "promise": {
              "version": "7.0.4",
              "dependencies": {
                "asap": {
                  "version": "2.0.3"
                }
              }
            },
            "ua-parser-js": {
              "version": "0.7.9"
            },
            "whatwg-fetch": {
              "version": "0.9.0"
            }
          }
        }
      }
    },
    "react-addons-css-transition-group": {
      "version": "0.14.2"
    },
    "react-dom": {
      "version": "0.14.2"
    },
    "react-helmet": {
      "version": "2.1.0",
      "dependencies": {
        "core-js": {
          "version": "1.2.2"
        },
        "deep-equal": {
          "version": "1.0.1"
        },
        "he": {
          "version": "0.5.0"
        },
        "invariant": {
          "version": "2.1.1",
          "dependencies": {
            "loose-envify": {
              "version": "1.1.0",
              "dependencies": {
                "js-tokens": {
                  "version": "1.0.2"
                }
              }
            }
          }
        },
        "react-side-effect": {
          "version": "1.0.2",
          "dependencies": {
            "fbjs": {
              "version": "0.1.0-alpha.10",
              "dependencies": {
                "promise": {
                  "version": "7.0.4",
                  "dependencies": {
                    "asap": {
                      "version": "2.0.3"
                    }
                  }
                },
                "whatwg-fetch": {
                  "version": "0.9.0"
                }
              }
            }
          }
        },
        "shallowequal": {
          "version": "0.2.2",
          "dependencies": {
            "lodash.keys": {
              "version": "3.1.2",
              "dependencies": {
                "lodash._getnative": {
                  "version": "3.9.1"
                },
                "lodash.isarguments": {
                  "version": "3.0.4"
                },
                "lodash.isarray": {
                  "version": "3.0.4"
                }
              }
            }
          }
        },
        "warning": {
          "version": "2.1.0",
          "dependencies": {
            "loose-envify": {
              "version": "1.1.0",
              "dependencies": {
                "js-tokens": {
                  "version": "1.0.2"
                }
              }
            }
          }
        }
      }
    },
    "react-keybinding": {
      "version": "https://github.com/chen-ye/react-keybinding/tarball/7dd0ec3246c5100e58c13a4588bc89534684c100",
      "dependencies": {
        "react": {
          "version": "0.13.3",
          "dependencies": {
            "envify": {
              "version": "3.4.0",
              "dependencies": {
                "through": {
                  "version": "2.3.8"
                },
                "jstransform": {
                  "version": "10.1.0",
                  "dependencies": {
                    "base62": {
                      "version": "0.1.1"
                    },
                    "esprima-fb": {
                      "version": "13001.1001.0-dev-harmony-fb"
                    },
                    "source-map": {
                      "version": "0.1.31",
                      "dependencies": {
                        "amdefine": {
                          "version": "1.0.0"
                        }
                      }
                    }
                  }
                }
              }
            }
          }
        }
      }
    },
    "react-maskedinput-plus": {
      "version": "0.0.13",
      "dependencies": {
        "babel-runtime": {
          "version": "5.8.25",
          "dependencies": {
            "core-js": {
              "version": "1.2.1"
            }
          }
        },
        "debug": {
          "version": "2.2.0",
          "dependencies": {
            "ms": {
              "version": "0.7.1"
            }
          }
        },
        "inputmask-core": {
          "version": "2.1.1"
        },
        "react": {
          "version": "0.13.3",
          "dependencies": {
            "envify": {
              "version": "3.4.0",
              "dependencies": {
                "through": {
                  "version": "2.3.8"
                },
                "jstransform": {
                  "version": "10.1.0",
                  "dependencies": {
                    "base62": {
                      "version": "0.1.1"
                    },
                    "esprima-fb": {
                      "version": "13001.1001.0-dev-harmony-fb"
                    },
                    "source-map": {
                      "version": "0.1.31",
                      "dependencies": {
                        "amdefine": {
                          "version": "1.0.0"
                        }
                      }
                    }
                  }
                }
              }
            }
          }
        }
      }
    },
    "react-measure": {
      "version": "0.3.3",
      "dependencies": {
        "react-addons-shallow-compare": {
          "version": "0.14.2"
        },
        "lodash.debounce": {
          "version": "3.1.1",
          "dependencies": {
            "lodash._getnative": {
              "version": "3.9.1"
            }
          }
        }
      }
    },
    "react-motion": {
      "version": "0.3.1",
      "dependencies": {
        "performance-now": {
          "version": "0.2.0"
        },
        "raf": {
          "version": "3.1.0"
        }
      }
    },
    "react-motion-ui-pack": {
      "version": "0.5.1",
      "dependencies": {
        "react-addons-shallow-compare": {
          "version": "0.14.2"
        },
        "react-measure": {
          "version": "0.3.3",
          "dependencies": {
            "lodash.debounce": {
              "version": "3.1.1",
              "dependencies": {
                "lodash._getnative": {
                  "version": "3.9.1"
                }
              }
            }
          }
        }
      }
    },
    "react-selectize": {
      "version": "https://github.com/chen-ye/react-selectize/tarball/4464c14a49d130efd3766d495742592a7f3b4949",
      "dependencies": {
        "prelude-extension": {
          "version": "0.0.5"
        },
        "prelude-ls": {
          "version": "1.1.2"
        },
        "react-motion": {
          "version": "0.3.1",
          "dependencies": {
            "performance-now": {
              "version": "0.2.0"
            },
            "raf": {
              "version": "3.1.0"
            }
          }
        },
        "react-motion-ui-pack": {
          "version": "0.5.1",
          "dependencies": {
            "react": {
              "version": "0.14.2",
              "dependencies": {
                "envify": {
                  "version": "3.4.0",
                  "dependencies": {
                    "through": {
                      "version": "2.3.8"
                    },
                    "jstransform": {
                      "version": "10.1.0",
                      "dependencies": {
                        "base62": {
                          "version": "0.1.1"
                        },
                        "esprima-fb": {
                          "version": "13001.1001.0-dev-harmony-fb"
                        },
                        "source-map": {
                          "version": "0.1.31",
                          "dependencies": {
                            "amdefine": {
                              "version": "1.0.0"
                            }
                          }
                        }
                      }
                    }
                  }
                },
                "fbjs": {
                  "version": "0.3.2",
                  "dependencies": {
                    "core-js": {
                      "version": "1.2.6"
                    },
                    "loose-envify": {
                      "version": "1.1.0",
                      "dependencies": {
                        "js-tokens": {
                          "version": "1.0.2"
                        }
                      }
                    },
                    "promise": {
                      "version": "7.0.4",
                      "dependencies": {
                        "asap": {
                          "version": "2.0.3"
                        }
                      }
                    },
                    "ua-parser-js": {
                      "version": "0.7.9"
                    },
                    "whatwg-fetch": {
                      "version": "0.9.0"
                    }
                  }
                }
              }
            },
            "react-addons-shallow-compare": {
              "version": "0.14.2"
            },
            "react-measure": {
              "version": "0.3.3",
              "dependencies": {
                "react-dom": {
                  "version": "0.14.2"
                },
                "lodash.debounce": {
                  "version": "3.1.1",
                  "dependencies": {
                    "lodash._getnative": {
                      "version": "3.9.1"
                    }
                  }
                }
              }
            }
          }
        },
        "react": {
          "version": "0.14.2",
          "dependencies": {
            "envify": {
              "version": "3.4.0",
              "dependencies": {
                "through": {
                  "version": "2.3.8"
                },
                "jstransform": {
                  "version": "10.1.0",
                  "dependencies": {
                    "base62": {
                      "version": "0.1.1"
                    },
                    "esprima-fb": {
                      "version": "13001.1001.0-dev-harmony-fb"
                    },
                    "source-map": {
                      "version": "0.1.31",
                      "dependencies": {
                        "amdefine": {
                          "version": "1.0.0"
                        }
                      }
                    }
                  }
                }
              }
            },
            "fbjs": {
              "version": "0.3.2",
              "dependencies": {
                "core-js": {
                  "version": "1.2.6"
                },
                "loose-envify": {
                  "version": "1.1.0",
                  "dependencies": {
                    "js-tokens": {
                      "version": "1.0.2"
                    }
                  }
                },
                "promise": {
                  "version": "7.0.4",
                  "dependencies": {
                    "asap": {
                      "version": "2.0.3"
                    }
                  }
                },
                "ua-parser-js": {
                  "version": "0.7.9"
                },
                "whatwg-fetch": {
                  "version": "0.9.0"
                }
              }
            }
          }
        }
      }
    },
    "reactify": {
      "version": "1.1.1",
      "dependencies": {
        "through": {
          "version": "2.3.8"
        },
        "react-tools": {
          "version": "0.13.3",
          "dependencies": {
            "commoner": {
              "version": "0.10.3",
              "dependencies": {
                "q": {
                  "version": "1.1.2"
                },
                "recast": {
                  "version": "0.10.33",
                  "dependencies": {
                    "esprima-fb": {
                      "version": "15001.1001.0-dev-harmony-fb"
                    },
                    "source-map": {
                      "version": "0.5.1"
                    },
                    "ast-types": {
                      "version": "0.8.12"
                    }
                  }
                },
                "commander": {
                  "version": "2.5.1"
                },
                "graceful-fs": {
                  "version": "3.0.8"
                },
                "glob": {
                  "version": "4.2.2",
                  "dependencies": {
                    "inflight": {
                      "version": "1.0.4",
                      "dependencies": {
                        "wrappy": {
                          "version": "1.0.1"
                        }
                      }
                    },
                    "inherits": {
                      "version": "2.0.1"
                    },
                    "minimatch": {
                      "version": "1.0.0",
                      "dependencies": {
                        "lru-cache": {
                          "version": "2.7.0"
                        },
                        "sigmund": {
                          "version": "1.0.1"
                        }
                      }
                    },
                    "once": {
                      "version": "1.3.2",
                      "dependencies": {
                        "wrappy": {
                          "version": "1.0.1"
                        }
                      }
                    }
                  }
                },
                "mkdirp": {
                  "version": "0.5.1",
                  "dependencies": {
                    "minimist": {
                      "version": "0.0.8"
                    }
                  }
                },
                "private": {
                  "version": "0.1.6"
                },
                "install": {
                  "version": "0.1.8"
                },
                "iconv-lite": {
                  "version": "0.4.13"
                }
              }
            },
            "jstransform": {
              "version": "10.1.0",
              "dependencies": {
                "base62": {
                  "version": "0.1.1"
                },
                "esprima-fb": {
                  "version": "13001.1001.0-dev-harmony-fb"
                },
                "source-map": {
                  "version": "0.1.31",
                  "dependencies": {
                    "amdefine": {
                      "version": "1.0.0"
                    }
                  }
                }
              }
            }
          }
        }
      }
    }
  }
}
